
Microsoft Visual Studio Solution File, Format Version 12.00
# Visual Studio Version 17
VisualStudioVersion = 17.7.34003.232
MinimumVisualStudioVersion = 10.0.40219.1
Project("{FAE04EC0-301F-11D3-BF4B-00C04F79EFBC}") = "tilitAsikas", "tilitAsikas\tilitAsikas.csproj", "{C2351FE1-7D3D-457C-BF40-FD671020CB79}"
EndProject
Global
	GlobalSection(SolutionConfigurationPlatforms) = preSolution
		Debug|Any CPU = Debug|Any CPU
		Release|Any CPU = Release|Any CPU
	EndGlobalSection
	GlobalSection(ProjectConfigurationPlatforms) = postSolution
		{C2351FE1-7D3D-457C-BF40-FD671020CB79}.Debug|Any CPU.ActiveCfg = Debug|Any CPU
		{C2351FE1-7D3D-457C-BF40-FD671020CB79}.Debug|Any CPU.Build.0 = Debug|Any CPU
		{C2351FE1-7D3D-457C-BF40-FD671020CB79}.Release|Any CPU.ActiveCfg = Release|Any CPU
		{C2351FE1-7D3D-457C-BF40-FD671020CB79}.Release|Any CPU.Build.0 = Release|Any CPU
	EndGlobalSection
	GlobalSection(SolutionProperties) = preSolution
		HideSolutionNode = FALSE
	EndGlobalSection
	GlobalSection(ExtensibilityGlobals) = postSolution
		SolutionGuid = {23F0313F-FD99-4053-A4BD-A3B6F7B4748B}
	EndGlobalSection
EndGlobal
