
Microsoft Visual Studio Solution File, Format Version 12.00
# Visual Studio Version 17
VisualStudioVersion = 17.7.34003.232
MinimumVisualStudioVersion = 10.0.40219.1
Project("{FAE04EC0-301F-11D3-BF4B-00C04F79EFBC}") = "KolmionSivunPituus", "KolmionSivunPituus\KolmionSivunPituus.csproj", "{069EB723-1D64-4B58-9140-03AFC65769DB}"
EndProject
Global
	GlobalSection(SolutionConfigurationPlatforms) = preSolution
		Debug|Any CPU = Debug|Any CPU
		Release|Any CPU = Release|Any CPU
	EndGlobalSection
	GlobalSection(ProjectConfigurationPlatforms) = postSolution
		{069EB723-1D64-4B58-9140-03AFC65769DB}.Debug|Any CPU.ActiveCfg = Debug|Any CPU
		{069EB723-1D64-4B58-9140-03AFC65769DB}.Debug|Any CPU.Build.0 = Debug|Any CPU
		{069EB723-1D64-4B58-9140-03AFC65769DB}.Release|Any CPU.ActiveCfg = Release|Any CPU
		{069EB723-1D64-4B58-9140-03AFC65769DB}.Release|Any CPU.Build.0 = Release|Any CPU
	EndGlobalSection
	GlobalSection(SolutionProperties) = preSolution
		HideSolutionNode = FALSE
	EndGlobalSection
	GlobalSection(ExtensibilityGlobals) = postSolution
		SolutionGuid = {2BBA9709-C056-450C-813B-257225019F0A}
	EndGlobalSection
EndGlobal
