
Microsoft Visual Studio Solution File, Format Version 12.00
# Visual Studio Version 17
VisualStudioVersion = 17.7.34003.232
MinimumVisualStudioVersion = 10.0.40219.1
Project("{FAE04EC0-301F-11D3-BF4B-00C04F79EFBC}") = "DiceGame", "DiceGame\DiceGame.csproj", "{A533DDC4-33D3-4E36-A5BD-5DC7765D864D}"
EndProject
Global
	GlobalSection(SolutionConfigurationPlatforms) = preSolution
		Debug|Any CPU = Debug|Any CPU
		Release|Any CPU = Release|Any CPU
	EndGlobalSection
	GlobalSection(ProjectConfigurationPlatforms) = postSolution
		{A533DDC4-33D3-4E36-A5BD-5DC7765D864D}.Debug|Any CPU.ActiveCfg = Debug|Any CPU
		{A533DDC4-33D3-4E36-A5BD-5DC7765D864D}.Debug|Any CPU.Build.0 = Debug|Any CPU
		{A533DDC4-33D3-4E36-A5BD-5DC7765D864D}.Release|Any CPU.ActiveCfg = Release|Any CPU
		{A533DDC4-33D3-4E36-A5BD-5DC7765D864D}.Release|Any CPU.Build.0 = Release|Any CPU
	EndGlobalSection
	GlobalSection(SolutionProperties) = preSolution
		HideSolutionNode = FALSE
	EndGlobalSection
	GlobalSection(ExtensibilityGlobals) = postSolution
		SolutionGuid = {9DAD5B35-6A6E-4BC5-94A1-5551761A8DDE}
	EndGlobalSection
EndGlobal
