
Microsoft Visual Studio Solution File, Format Version 12.00
# Visual Studio Version 17
VisualStudioVersion = 17.7.34003.232
MinimumVisualStudioVersion = 10.0.40219.1
Project("{FAE04EC0-301F-11D3-BF4B-00C04F79EFBC}") = "SodaVending", "SodaVending\SodaVending.csproj", "{BD0DE06F-1112-4DE4-85F0-792BBAFB9E75}"
EndProject
Global
	GlobalSection(SolutionConfigurationPlatforms) = preSolution
		Debug|Any CPU = Debug|Any CPU
		Release|Any CPU = Release|Any CPU
	EndGlobalSection
	GlobalSection(ProjectConfigurationPlatforms) = postSolution
		{BD0DE06F-1112-4DE4-85F0-792BBAFB9E75}.Debug|Any CPU.ActiveCfg = Debug|Any CPU
		{BD0DE06F-1112-4DE4-85F0-792BBAFB9E75}.Debug|Any CPU.Build.0 = Debug|Any CPU
		{BD0DE06F-1112-4DE4-85F0-792BBAFB9E75}.Release|Any CPU.ActiveCfg = Release|Any CPU
		{BD0DE06F-1112-4DE4-85F0-792BBAFB9E75}.Release|Any CPU.Build.0 = Release|Any CPU
	EndGlobalSection
	GlobalSection(SolutionProperties) = preSolution
		HideSolutionNode = FALSE
	EndGlobalSection
	GlobalSection(ExtensibilityGlobals) = postSolution
		SolutionGuid = {55E332E3-DD86-4CD5-8CEC-1EC473D62CBF}
	EndGlobalSection
EndGlobal
