
Microsoft Visual Studio Solution File, Format Version 12.00
# Visual Studio Version 17
VisualStudioVersion = 17.7.34003.232
MinimumVisualStudioVersion = 10.0.40219.1
Project("{FAE04EC0-301F-11D3-BF4B-00C04F79EFBC}") = "trial", "trial\trial.csproj", "{1407FC6C-B4DC-4EE0-841B-FB6539FE5B20}"
EndProject
Global
	GlobalSection(SolutionConfigurationPlatforms) = preSolution
		Debug|Any CPU = Debug|Any CPU
		Release|Any CPU = Release|Any CPU
	EndGlobalSection
	GlobalSection(ProjectConfigurationPlatforms) = postSolution
		{1407FC6C-B4DC-4EE0-841B-FB6539FE5B20}.Debug|Any CPU.ActiveCfg = Debug|Any CPU
		{1407FC6C-B4DC-4EE0-841B-FB6539FE5B20}.Debug|Any CPU.Build.0 = Debug|Any CPU
		{1407FC6C-B4DC-4EE0-841B-FB6539FE5B20}.Release|Any CPU.ActiveCfg = Release|Any CPU
		{1407FC6C-B4DC-4EE0-841B-FB6539FE5B20}.Release|Any CPU.Build.0 = Release|Any CPU
	EndGlobalSection
	GlobalSection(SolutionProperties) = preSolution
		HideSolutionNode = FALSE
	EndGlobalSection
	GlobalSection(ExtensibilityGlobals) = postSolution
		SolutionGuid = {526F8EEF-5B7D-4FEC-9E0E-24B8A0C190F0}
	EndGlobalSection
EndGlobal
