
Microsoft Visual Studio Solution File, Format Version 12.00
# Visual Studio Version 17
VisualStudioVersion = 17.7.34003.232
MinimumVisualStudioVersion = 10.0.40219.1
Project("{FAE04EC0-301F-11D3-BF4B-00C04F79EFBC}") = "NopanHeitto", "NopanHeitto\NopanHeitto.csproj", "{47C911E4-428A-4590-BB2C-C608EACE8317}"
EndProject
Global
	GlobalSection(SolutionConfigurationPlatforms) = preSolution
		Debug|Any CPU = Debug|Any CPU
		Release|Any CPU = Release|Any CPU
	EndGlobalSection
	GlobalSection(ProjectConfigurationPlatforms) = postSolution
		{47C911E4-428A-4590-BB2C-C608EACE8317}.Debug|Any CPU.ActiveCfg = Debug|Any CPU
		{47C911E4-428A-4590-BB2C-C608EACE8317}.Debug|Any CPU.Build.0 = Debug|Any CPU
		{47C911E4-428A-4590-BB2C-C608EACE8317}.Release|Any CPU.ActiveCfg = Release|Any CPU
		{47C911E4-428A-4590-BB2C-C608EACE8317}.Release|Any CPU.Build.0 = Release|Any CPU
	EndGlobalSection
	GlobalSection(SolutionProperties) = preSolution
		HideSolutionNode = FALSE
	EndGlobalSection
	GlobalSection(ExtensibilityGlobals) = postSolution
		SolutionGuid = {0695C09D-EC90-4F76-91F8-843FD0F64D5D}
	EndGlobalSection
EndGlobal
